
Microsoft Visual Studio Solution File, Format Version 12.00
# Visual Studio Version 17
VisualStudioVersion = 17.3.32825.248
MinimumVisualStudioVersion = 10.0.40219.1
Project("{9A19103F-16F7-4668-BE54-9A1E7A4F7556}") = "Arex388.GoogleMaps", "Arex388.GoogleMaps\Arex388.GoogleMaps.csproj", "{06B2B06D-9455-497D-A121-94FB07C18FBF}"
EndProject
Project("{9A19103F-16F7-4668-BE54-9A1E7A4F7556}") = "Arex388.GoogleMaps.Extensions.Microsoft.DependencyInjection", "Arex388.GoogleMaps.Extensions.Microsoft.DependencyInjection\Arex388.GoogleMaps.Extensions.Microsoft.DependencyInjection.csproj", "{6492E6C3-06F7-4BFA-B42B-B57E571F6FBC}"
EndProject
Project("{2150E333-8FDC-42A3-9474-1A3956D46DE8}") = "Solution Items", "Solution Items", "{1865F149-4826-41DE-9236-3987504C687C}"
	ProjectSection(SolutionItems) = preProject
		CHANGELOG.md = CHANGELOG.md
		LICENSE = LICENSE
		README.md = README.md
	EndProjectSection
EndProject
Project("{FAE04EC0-301F-11D3-BF4B-00C04F79EFBC}") = "Arex388.GoogleMaps.Tests", "Arex388.GoogleMaps.Tests\Arex388.GoogleMaps.Tests.csproj", "{AC767A69-6C48-4BD7-895F-177BB2956CFE}"
EndProject
Global
	GlobalSection(SolutionConfigurationPlatforms) = preSolution
		Debug|Any CPU = Debug|Any CPU
		Release|Any CPU = Release|Any CPU
	EndGlobalSection
	GlobalSection(ProjectConfigurationPlatforms) = postSolution
		{06B2B06D-9455-497D-A121-94FB07C18FBF}.Debug|Any CPU.ActiveCfg = Debug|Any CPU
		{06B2B06D-9455-497D-A121-94FB07C18FBF}.Debug|Any CPU.Build.0 = Debug|Any CPU
		{06B2B06D-9455-497D-A121-94FB07C18FBF}.Release|Any CPU.ActiveCfg = Release|Any CPU
		{06B2B06D-9455-497D-A121-94FB07C18FBF}.Release|Any CPU.Build.0 = Release|Any CPU
		{6492E6C3-06F7-4BFA-B42B-B57E571F6FBC}.Debug|Any CPU.ActiveCfg = Debug|Any CPU
		{6492E6C3-06F7-4BFA-B42B-B57E571F6FBC}.Debug|Any CPU.Build.0 = Debug|Any CPU
		{6492E6C3-06F7-4BFA-B42B-B57E571F6FBC}.Release|Any CPU.ActiveCfg = Release|Any CPU
		{6492E6C3-06F7-4BFA-B42B-B57E571F6FBC}.Release|Any CPU.Build.0 = Release|Any CPU
		{AC767A69-6C48-4BD7-895F-177BB2956CFE}.Debug|Any CPU.ActiveCfg = Debug|Any CPU
		{AC767A69-6C48-4BD7-895F-177BB2956CFE}.Debug|Any CPU.Build.0 = Debug|Any CPU
		{AC767A69-6C48-4BD7-895F-177BB2956CFE}.Release|Any CPU.ActiveCfg = Release|Any CPU
		{AC767A69-6C48-4BD7-895F-177BB2956CFE}.Release|Any CPU.Build.0 = Release|Any CPU
	EndGlobalSection
	GlobalSection(SolutionProperties) = preSolution
		HideSolutionNode = FALSE
	EndGlobalSection
	GlobalSection(ExtensibilityGlobals) = postSolution
		SolutionGuid = {16F2D856-4FA4-4354-B39D-FF0C863B87A9}
	EndGlobalSection
EndGlobal
